
Microsoft Visual Studio Solution File, Format Version 12.00
# Visual Studio Version 16
VisualStudioVersion = 16.0.30621.155
MinimumVisualStudioVersion = 10.0.40219.1
Project("{9A19103F-16F7-4668-BE54-9A1E7A4F7556}") = "CardsGame", "CardsGame.csproj", "{EDDE0932-0C69-440C-95DD-337366CAEE1F}"
EndProject
Project("{9A19103F-16F7-4668-BE54-9A1E7A4F7556}") = "PotatoServer", "..\PotatoServer\PotatoServer.csproj", "{10C52E05-B393-4426-8835-2AC8410D1DBD}"
EndProject
Global
	GlobalSection(SolutionConfigurationPlatforms) = preSolution
		Debug|Any CPU = Debug|Any CPU
		Release|Any CPU = Release|Any CPU
	EndGlobalSection
	GlobalSection(ProjectConfigurationPlatforms) = postSolution
		{EDDE0932-0C69-440C-95DD-337366CAEE1F}.Debug|Any CPU.ActiveCfg = Debug|Any CPU
		{EDDE0932-0C69-440C-95DD-337366CAEE1F}.Debug|Any CPU.Build.0 = Debug|Any CPU
		{EDDE0932-0C69-440C-95DD-337366CAEE1F}.Release|Any CPU.ActiveCfg = Release|Any CPU
		{EDDE0932-0C69-440C-95DD-337366CAEE1F}.Release|Any CPU.Build.0 = Release|Any CPU
		{10C52E05-B393-4426-8835-2AC8410D1DBD}.Debug|Any CPU.ActiveCfg = Debug|Any CPU
		{10C52E05-B393-4426-8835-2AC8410D1DBD}.Debug|Any CPU.Build.0 = Debug|Any CPU
		{10C52E05-B393-4426-8835-2AC8410D1DBD}.Release|Any CPU.ActiveCfg = Release|Any CPU
		{10C52E05-B393-4426-8835-2AC8410D1DBD}.Release|Any CPU.Build.0 = Release|Any CPU
	EndGlobalSection
	GlobalSection(SolutionProperties) = preSolution
		HideSolutionNode = FALSE
	EndGlobalSection
	GlobalSection(ExtensibilityGlobals) = postSolution
		SolutionGuid = {EEF20FF3-E6BD-4275-A0E8-60141D97754E}
	EndGlobalSection
EndGlobal
